
Microsoft Visual Studio Solution File, Format Version 12.00
# Visual Studio Version 16
VisualStudioVersion = 16.0.31005.135
MinimumVisualStudioVersion = 10.0.40219.1
Project("{9A19103F-16F7-4668-BE54-9A1E7A4F7556}") = "LottieFiles.DotLottie.Tests", "LottieFiles.DotLottie.Tests\LottieFiles.DotLottie.Tests.csproj", "{B887405A-22E8-4FE4-8238-39514F8A2F3D}"
EndProject
Project("{9A19103F-16F7-4668-BE54-9A1E7A4F7556}") = "LottieFiles.DotLottie", "LottieFiles.DotLottie\LottieFiles.DotLottie.csproj", "{946BBADD-9A0D-4F45-83AA-884BD0DEF300}"
EndProject
Global
	GlobalSection(SolutionConfigurationPlatforms) = preSolution
		Debug|Any CPU = Debug|Any CPU
		Debug|ARM = Debug|ARM
		Debug|ARM64 = Debug|ARM64
		Debug|x64 = Debug|x64
		Debug|x86 = Debug|x86
		Release|Any CPU = Release|Any CPU
		Release|ARM = Release|ARM
		Release|ARM64 = Release|ARM64
		Release|x64 = Release|x64
		Release|x86 = Release|x86
	EndGlobalSection
	GlobalSection(ProjectConfigurationPlatforms) = postSolution
		{B887405A-22E8-4FE4-8238-39514F8A2F3D}.Debug|Any CPU.ActiveCfg = Debug|Any CPU
		{B887405A-22E8-4FE4-8238-39514F8A2F3D}.Debug|Any CPU.Build.0 = Debug|Any CPU
		{B887405A-22E8-4FE4-8238-39514F8A2F3D}.Debug|ARM.ActiveCfg = Debug|Any CPU
		{B887405A-22E8-4FE4-8238-39514F8A2F3D}.Debug|ARM.Build.0 = Debug|Any CPU
		{B887405A-22E8-4FE4-8238-39514F8A2F3D}.Debug|ARM64.ActiveCfg = Debug|Any CPU
		{B887405A-22E8-4FE4-8238-39514F8A2F3D}.Debug|ARM64.Build.0 = Debug|Any CPU
		{B887405A-22E8-4FE4-8238-39514F8A2F3D}.Debug|x64.ActiveCfg = Debug|Any CPU
		{B887405A-22E8-4FE4-8238-39514F8A2F3D}.Debug|x64.Build.0 = Debug|Any CPU
		{B887405A-22E8-4FE4-8238-39514F8A2F3D}.Debug|x86.ActiveCfg = Debug|Any CPU
		{B887405A-22E8-4FE4-8238-39514F8A2F3D}.Debug|x86.Build.0 = Debug|Any CPU
		{B887405A-22E8-4FE4-8238-39514F8A2F3D}.Release|Any CPU.ActiveCfg = Release|Any CPU
		{B887405A-22E8-4FE4-8238-39514F8A2F3D}.Release|Any CPU.Build.0 = Release|Any CPU
		{B887405A-22E8-4FE4-8238-39514F8A2F3D}.Release|ARM.ActiveCfg = Release|Any CPU
		{B887405A-22E8-4FE4-8238-39514F8A2F3D}.Release|ARM.Build.0 = Release|Any CPU
		{B887405A-22E8-4FE4-8238-39514F8A2F3D}.Release|ARM64.ActiveCfg = Release|Any CPU
		{B887405A-22E8-4FE4-8238-39514F8A2F3D}.Release|ARM64.Build.0 = Release|Any CPU
		{B887405A-22E8-4FE4-8238-39514F8A2F3D}.Release|x64.ActiveCfg = Release|Any CPU
		{B887405A-22E8-4FE4-8238-39514F8A2F3D}.Release|x64.Build.0 = Release|Any CPU
		{B887405A-22E8-4FE4-8238-39514F8A2F3D}.Release|x86.ActiveCfg = Release|Any CPU
		{B887405A-22E8-4FE4-8238-39514F8A2F3D}.Release|x86.Build.0 = Release|Any CPU
		{946BBADD-9A0D-4F45-83AA-884BD0DEF300}.Debug|Any CPU.ActiveCfg = Debug|Any CPU
		{946BBADD-9A0D-4F45-83AA-884BD0DEF300}.Debug|Any CPU.Build.0 = Debug|Any CPU
		{946BBADD-9A0D-4F45-83AA-884BD0DEF300}.Debug|ARM.ActiveCfg = Debug|Any CPU
		{946BBADD-9A0D-4F45-83AA-884BD0DEF300}.Debug|ARM.Build.0 = Debug|Any CPU
		{946BBADD-9A0D-4F45-83AA-884BD0DEF300}.Debug|ARM64.ActiveCfg = Debug|Any CPU
		{946BBADD-9A0D-4F45-83AA-884BD0DEF300}.Debug|ARM64.Build.0 = Debug|Any CPU
		{946BBADD-9A0D-4F45-83AA-884BD0DEF300}.Debug|x64.ActiveCfg = Debug|Any CPU
		{946BBADD-9A0D-4F45-83AA-884BD0DEF300}.Debug|x64.Build.0 = Debug|Any CPU
		{946BBADD-9A0D-4F45-83AA-884BD0DEF300}.Debug|x86.ActiveCfg = Debug|Any CPU
		{946BBADD-9A0D-4F45-83AA-884BD0DEF300}.Debug|x86.Build.0 = Debug|Any CPU
		{946BBADD-9A0D-4F45-83AA-884BD0DEF300}.Release|Any CPU.ActiveCfg = Release|Any CPU
		{946BBADD-9A0D-4F45-83AA-884BD0DEF300}.Release|Any CPU.Build.0 = Release|Any CPU
		{946BBADD-9A0D-4F45-83AA-884BD0DEF300}.Release|ARM.ActiveCfg = Release|Any CPU
		{946BBADD-9A0D-4F45-83AA-884BD0DEF300}.Release|ARM.Build.0 = Release|Any CPU
		{946BBADD-9A0D-4F45-83AA-884BD0DEF300}.Release|ARM64.ActiveCfg = Release|Any CPU
		{946BBADD-9A0D-4F45-83AA-884BD0DEF300}.Release|ARM64.Build.0 = Release|Any CPU
		{946BBADD-9A0D-4F45-83AA-884BD0DEF300}.Release|x64.ActiveCfg = Release|Any CPU
		{946BBADD-9A0D-4F45-83AA-884BD0DEF300}.Release|x64.Build.0 = Release|Any CPU
		{946BBADD-9A0D-4F45-83AA-884BD0DEF300}.Release|x86.ActiveCfg = Release|Any CPU
		{946BBADD-9A0D-4F45-83AA-884BD0DEF300}.Release|x86.Build.0 = Release|Any CPU
	EndGlobalSection
	GlobalSection(SolutionProperties) = preSolution
		HideSolutionNode = FALSE
	EndGlobalSection
	GlobalSection(ExtensibilityGlobals) = postSolution
		SolutionGuid = {1DC1C824-D033-4450-B3B2-B8B9D49EF968}
	EndGlobalSection
EndGlobal
